{
  "name": "DOMLOTO",
  "lockfileVersion": 2,
  "requires": true,
  "packages": {
    "": {
      "dependencies": {
        "lscache": "^1.3.0"
      }
    },
    "node_modules/lscache": {
      "version": "1.3.0",
      "resolved": "https://registry.npmjs.org/lscache/-/lscache-1.3.0.tgz",
      "integrity": "sha512-0JwzMSSu3fd3m8QQVbqIxzXywkNLQvgdNehuEtZ66v7f89ybpkZX+WN45SkvChP4AqUPSpDPJKHsAqStOhHgUA=="
    }
  },
  "dependencies": {
    "lscache": {
      "version": "1.3.0",
      "resolved": "https://registry.npmjs.org/lscache/-/lscache-1.3.0.tgz",
      "integrity": "sha512-0JwzMSSu3fd3m8QQVbqIxzXywkNLQvgdNehuEtZ66v7f89ybpkZX+WN45SkvChP4AqUPSpDPJKHsAqStOhHgUA=="
    }
  }
}
